
Microsoft Visual Studio Solution File, Format Version 12.00
# Visual Studio 15
VisualStudioVersion = 15.0.26430.14
MinimumVisualStudioVersion = 10.0.40219.1
Project("{FAE04EC0-301F-11D3-BF4B-00C04F79EFBC}") = "Phonebook.WebApp", "Phonebook.WebApp\Phonebook.WebApp.csproj", "{735D0CBA-9E9B-4F45-BA56-2BF020DB8745}"
EndProject
Project("{FAE04EC0-301F-11D3-BF4B-00C04F79EFBC}") = "Phonebook.WebApp.Tests", "Phonebook.WebApp.Tests\Phonebook.WebApp.Tests.csproj", "{C1B1BF67-22D5-456A-8DD7-CB16E762F751}"
EndProject
Project("{2150E333-8FDC-42A3-9474-1A3956D46DE8}") = ".build", ".build", "{1F37918A-0188-4E8E-8526-FD773837E628}"
	ProjectSection(SolutionItems) = preProject
		appveyor.yml = appveyor.yml
		build.cmd = build.cmd
		build.fsx = build.fsx
	EndProjectSection
EndProject
Project("{2150E333-8FDC-42A3-9474-1A3956D46DE8}") = ".paket", ".paket", "{CBD3A94C-B91E-4361-8D0C-459D579F7792}"
	ProjectSection(SolutionItems) = preProject
		paket.dependencies = paket.dependencies
		paket.lock = paket.lock
	EndProjectSection
EndProject
Project("{FAE04EC0-301F-11D3-BF4B-00C04F79EFBC}") = "Phonebook.WebApp.Models", "Phonebook.WebApp.Models\Phonebook.WebApp.Models.csproj", "{059B3143-B9E0-4AC1-BB72-CFBF2DFDB92D}"
EndProject
Project("{FAE04EC0-301F-11D3-BF4B-00C04F79EFBC}") = "Phonebook.WebApp.Infrastructure", "Phonebook.WebApp.Infrastructure\Phonebook.WebApp.Infrastructure.csproj", "{80B00C50-F06A-4BA2-97BE-799FB02DDEF3}"
EndProject
Global
	GlobalSection(SolutionConfigurationPlatforms) = preSolution
		Debug|Any CPU = Debug|Any CPU
		Release|Any CPU = Release|Any CPU
	EndGlobalSection
	GlobalSection(ProjectConfigurationPlatforms) = postSolution
		{735D0CBA-9E9B-4F45-BA56-2BF020DB8745}.Debug|Any CPU.ActiveCfg = Debug|Any CPU
		{735D0CBA-9E9B-4F45-BA56-2BF020DB8745}.Debug|Any CPU.Build.0 = Debug|Any CPU
		{735D0CBA-9E9B-4F45-BA56-2BF020DB8745}.Release|Any CPU.ActiveCfg = Release|Any CPU
		{735D0CBA-9E9B-4F45-BA56-2BF020DB8745}.Release|Any CPU.Build.0 = Release|Any CPU
		{C1B1BF67-22D5-456A-8DD7-CB16E762F751}.Debug|Any CPU.ActiveCfg = Debug|Any CPU
		{C1B1BF67-22D5-456A-8DD7-CB16E762F751}.Debug|Any CPU.Build.0 = Debug|Any CPU
		{C1B1BF67-22D5-456A-8DD7-CB16E762F751}.Release|Any CPU.ActiveCfg = Release|Any CPU
		{C1B1BF67-22D5-456A-8DD7-CB16E762F751}.Release|Any CPU.Build.0 = Release|Any CPU
		{059B3143-B9E0-4AC1-BB72-CFBF2DFDB92D}.Debug|Any CPU.ActiveCfg = Debug|Any CPU
		{059B3143-B9E0-4AC1-BB72-CFBF2DFDB92D}.Debug|Any CPU.Build.0 = Debug|Any CPU
		{059B3143-B9E0-4AC1-BB72-CFBF2DFDB92D}.Release|Any CPU.ActiveCfg = Release|Any CPU
		{059B3143-B9E0-4AC1-BB72-CFBF2DFDB92D}.Release|Any CPU.Build.0 = Release|Any CPU
		{80B00C50-F06A-4BA2-97BE-799FB02DDEF3}.Debug|Any CPU.ActiveCfg = Debug|Any CPU
		{80B00C50-F06A-4BA2-97BE-799FB02DDEF3}.Debug|Any CPU.Build.0 = Debug|Any CPU
		{80B00C50-F06A-4BA2-97BE-799FB02DDEF3}.Release|Any CPU.ActiveCfg = Release|Any CPU
		{80B00C50-F06A-4BA2-97BE-799FB02DDEF3}.Release|Any CPU.Build.0 = Release|Any CPU
	EndGlobalSection
	GlobalSection(SolutionProperties) = preSolution
		HideSolutionNode = FALSE
	EndGlobalSection
EndGlobal
